
Microsoft Visual Studio Solution File, Format Version 12.00
# Visual Studio Version 17
VisualStudioVersion = 17.6.33829.357
MinimumVisualStudioVersion = 10.0.40219.1
Project("{9A19103F-16F7-4668-BE54-9A1E7A4F7556}") = "Bookify.Domain", "Bookify.Domain\Bookify.Domain.csproj", "{DD7B0727-EBE7-440D-AAF1-C2CEB9B4351B}"
EndProject
Project("{2150E333-8FDC-42A3-9474-1A3956D46DE8}") = "src", "src", "{D8CD0211-85C5-47FA-9AA3-F45EF6241753}"
EndProject
Project("{2150E333-8FDC-42A3-9474-1A3956D46DE8}") = "test", "test", "{929BC6AC-08E4-4D9E-B165-AE78B58EC175}"
EndProject
Project("{9A19103F-16F7-4668-BE54-9A1E7A4F7556}") = "Bookify.Application", "Bookify.Application\Bookify.Application.csproj", "{D47EC712-9B1F-4E3D-9FFF-C6FA26C17DD6}"
EndProject
Project("{9A19103F-16F7-4668-BE54-9A1E7A4F7556}") = "Bookify.Infrastructure", "Bookify.Infrastructure\Bookify.Infrastructure.csproj", "{2DE3C5F3-A365-4D68-A12E-05488EE1884D}"
EndProject
Project("{9A19103F-16F7-4668-BE54-9A1E7A4F7556}") = "Bookify.Api", "Bookify.Api\Bookify.Api.csproj", "{B751D20A-2BF8-458A-AF6F-81091C7BA2A4}"
EndProject
Project("{E53339B2-1760-4266-BCC7-CA923CBCF16C}") = "docker-compose", "docker-compose.dcproj", "{054D8DD3-A0B7-427A-AC6A-609145788851}"
EndProject
Project("{9A19103F-16F7-4668-BE54-9A1E7A4F7556}") = "Bookify.Application.UnitTests", "..\test\Bookify.Application.UnitTests\Bookify.Application.UnitTests.csproj", "{F1053408-8328-4A0D-9A2F-810E8D90A291}"
EndProject
Project("{9A19103F-16F7-4668-BE54-9A1E7A4F7556}") = "Bookify.Domain.UnitTests", "..\test\Bookify.Domain.UnitTests\Bookify.Domain.UnitTests.csproj", "{EF2A3982-57A5-42B8-8066-2C2609B10A4F}"
EndProject
Project("{9A19103F-16F7-4668-BE54-9A1E7A4F7556}") = "Bookify.ArchitectureTests", "..\test\Bookify.ArchitectureTests\Bookify.ArchitectureTests.csproj", "{96A489B0-8E1B-4BBB-8757-385B4BA8FAF5}"
EndProject
Global
	GlobalSection(SolutionConfigurationPlatforms) = preSolution
		Debug|Any CPU = Debug|Any CPU
		Release|Any CPU = Release|Any CPU
	EndGlobalSection
	GlobalSection(ProjectConfigurationPlatforms) = postSolution
		{DD7B0727-EBE7-440D-AAF1-C2CEB9B4351B}.Debug|Any CPU.ActiveCfg = Debug|Any CPU
		{DD7B0727-EBE7-440D-AAF1-C2CEB9B4351B}.Debug|Any CPU.Build.0 = Debug|Any CPU
		{DD7B0727-EBE7-440D-AAF1-C2CEB9B4351B}.Release|Any CPU.ActiveCfg = Release|Any CPU
		{DD7B0727-EBE7-440D-AAF1-C2CEB9B4351B}.Release|Any CPU.Build.0 = Release|Any CPU
		{D47EC712-9B1F-4E3D-9FFF-C6FA26C17DD6}.Debug|Any CPU.ActiveCfg = Debug|Any CPU
		{D47EC712-9B1F-4E3D-9FFF-C6FA26C17DD6}.Debug|Any CPU.Build.0 = Debug|Any CPU
		{D47EC712-9B1F-4E3D-9FFF-C6FA26C17DD6}.Release|Any CPU.ActiveCfg = Release|Any CPU
		{D47EC712-9B1F-4E3D-9FFF-C6FA26C17DD6}.Release|Any CPU.Build.0 = Release|Any CPU
		{2DE3C5F3-A365-4D68-A12E-05488EE1884D}.Debug|Any CPU.ActiveCfg = Debug|Any CPU
		{2DE3C5F3-A365-4D68-A12E-05488EE1884D}.Debug|Any CPU.Build.0 = Debug|Any CPU
		{2DE3C5F3-A365-4D68-A12E-05488EE1884D}.Release|Any CPU.ActiveCfg = Release|Any CPU
		{2DE3C5F3-A365-4D68-A12E-05488EE1884D}.Release|Any CPU.Build.0 = Release|Any CPU
		{B751D20A-2BF8-458A-AF6F-81091C7BA2A4}.Debug|Any CPU.ActiveCfg = Debug|Any CPU
		{B751D20A-2BF8-458A-AF6F-81091C7BA2A4}.Debug|Any CPU.Build.0 = Debug|Any CPU
		{B751D20A-2BF8-458A-AF6F-81091C7BA2A4}.Release|Any CPU.ActiveCfg = Release|Any CPU
		{B751D20A-2BF8-458A-AF6F-81091C7BA2A4}.Release|Any CPU.Build.0 = Release|Any CPU
		{054D8DD3-A0B7-427A-AC6A-609145788851}.Debug|Any CPU.ActiveCfg = Debug|Any CPU
		{054D8DD3-A0B7-427A-AC6A-609145788851}.Debug|Any CPU.Build.0 = Debug|Any CPU
		{054D8DD3-A0B7-427A-AC6A-609145788851}.Release|Any CPU.ActiveCfg = Release|Any CPU
		{054D8DD3-A0B7-427A-AC6A-609145788851}.Release|Any CPU.Build.0 = Release|Any CPU
		{F1053408-8328-4A0D-9A2F-810E8D90A291}.Debug|Any CPU.ActiveCfg = Debug|Any CPU
		{F1053408-8328-4A0D-9A2F-810E8D90A291}.Debug|Any CPU.Build.0 = Debug|Any CPU
		{F1053408-8328-4A0D-9A2F-810E8D90A291}.Release|Any CPU.ActiveCfg = Release|Any CPU
		{F1053408-8328-4A0D-9A2F-810E8D90A291}.Release|Any CPU.Build.0 = Release|Any CPU
		{EF2A3982-57A5-42B8-8066-2C2609B10A4F}.Debug|Any CPU.ActiveCfg = Debug|Any CPU
		{EF2A3982-57A5-42B8-8066-2C2609B10A4F}.Debug|Any CPU.Build.0 = Debug|Any CPU
		{EF2A3982-57A5-42B8-8066-2C2609B10A4F}.Release|Any CPU.ActiveCfg = Release|Any CPU
		{EF2A3982-57A5-42B8-8066-2C2609B10A4F}.Release|Any CPU.Build.0 = Release|Any CPU
		{96A489B0-8E1B-4BBB-8757-385B4BA8FAF5}.Debug|Any CPU.ActiveCfg = Debug|Any CPU
		{96A489B0-8E1B-4BBB-8757-385B4BA8FAF5}.Debug|Any CPU.Build.0 = Debug|Any CPU
		{96A489B0-8E1B-4BBB-8757-385B4BA8FAF5}.Release|Any CPU.ActiveCfg = Release|Any CPU
		{96A489B0-8E1B-4BBB-8757-385B4BA8FAF5}.Release|Any CPU.Build.0 = Release|Any CPU
	EndGlobalSection
	GlobalSection(SolutionProperties) = preSolution
		HideSolutionNode = FALSE
	EndGlobalSection
	GlobalSection(NestedProjects) = preSolution
		{DD7B0727-EBE7-440D-AAF1-C2CEB9B4351B} = {D8CD0211-85C5-47FA-9AA3-F45EF6241753}
		{D47EC712-9B1F-4E3D-9FFF-C6FA26C17DD6} = {D8CD0211-85C5-47FA-9AA3-F45EF6241753}
		{2DE3C5F3-A365-4D68-A12E-05488EE1884D} = {D8CD0211-85C5-47FA-9AA3-F45EF6241753}
		{B751D20A-2BF8-458A-AF6F-81091C7BA2A4} = {D8CD0211-85C5-47FA-9AA3-F45EF6241753}
		{F1053408-8328-4A0D-9A2F-810E8D90A291} = {929BC6AC-08E4-4D9E-B165-AE78B58EC175}
		{EF2A3982-57A5-42B8-8066-2C2609B10A4F} = {929BC6AC-08E4-4D9E-B165-AE78B58EC175}
		{96A489B0-8E1B-4BBB-8757-385B4BA8FAF5} = {929BC6AC-08E4-4D9E-B165-AE78B58EC175}
	EndGlobalSection
	GlobalSection(ExtensibilityGlobals) = postSolution
		SolutionGuid = {653F8442-435F-4A57-A984-29FF4188D043}
	EndGlobalSection
EndGlobal
